// !$*UTF8*$!
{
	archiveVersion = 1;
	classes = {
	};
	objectVersion = 46;
	objects = {

/* Begin PBXBuildFile section */
		8B18FE4A2058A10A00793CC4 /* TestAppHeader.swift in Sources */ = {isa = PBXBuildFile; fileRef = 8B18FE492058A10A00793CC4 /* TestAppHeader.swift */; };
		8B36B9E71DF4B52800CD274A /* DragSelectionManagerTests.swift in Sources */ = {isa = PBXBuildFile; fileRef = 8B36B9E61DF4B52800CD274A /* DragSelectionManagerTests.swift */; };
		8B5B4B06205898F6000E4B84 /* TestAppCell.swift in Sources */ = {isa = PBXBuildFile; fileRef = 8B5B4B05205898F6000E4B84 /* TestAppCell.swift */; };
		8B87F2FC1DE14A5A00E54941 /* AppDelegate.swift in Sources */ = {isa = PBXBuildFile; fileRef = 8B87F2FB1DE14A5A00E54941 /* AppDelegate.swift */; };
		8B87F2FE1DE14A5A00E54941 /* TestAppViewController.swift in Sources */ = {isa = PBXBuildFile; fileRef = 8B87F2FD1DE14A5A00E54941 /* TestAppViewController.swift */; };
		8B87F3011DE14A5A00E54941 /* Main.storyboard in Resources */ = {isa = PBXBuildFile; fileRef = 8B87F2FF1DE14A5A00E54941 /* Main.storyboard */; };
		8B87F3031DE14A5A00E54941 /* Assets.xcassets in Resources */ = {isa = PBXBuildFile; fileRef = 8B87F3021DE14A5A00E54941 /* Assets.xcassets */; };
		8B87F3061DE14A5A00E54941 /* LaunchScreen.storyboard in Resources */ = {isa = PBXBuildFile; fileRef = 8B87F3041DE14A5A00E54941 /* LaunchScreen.storyboard */; };
		8B87F3111DE14A5A00E54941 /* DragSelectCollectionViewTestAppUITests.swift in Sources */ = {isa = PBXBuildFile; fileRef = 8B87F3101DE14A5A00E54941 /* DragSelectCollectionViewTestAppUITests.swift */; };
		8B87F31B1DE14BFE00E54941 /* DragSelectCollectionView.swift in Sources */ = {isa = PBXBuildFile; fileRef = 8B87F3191DE14BFE00E54941 /* DragSelectCollectionView.swift */; };
		8B87F31C1DE14BFE00E54941 /* DragSelectionManager.swift in Sources */ = {isa = PBXBuildFile; fileRef = 8B87F31A1DE14BFE00E54941 /* DragSelectionManager.swift */; };
		8BD8C47F2056F7B700C41F32 /* DragSelectCollectionView.framework in Frameworks */ = {isa = PBXBuildFile; fileRef = 8BF3DFBC1DE149BC0074BCF0 /* DragSelectCollectionView.framework */; };
		8BD8C4812057352900C41F32 /* SettingsViewController.swift in Sources */ = {isa = PBXBuildFile; fileRef = 8BD8C4802057352900C41F32 /* SettingsViewController.swift */; };
		8BF3DFC61DE149BC0074BCF0 /* DragSelectCollectionView.framework in Frameworks */ = {isa = PBXBuildFile; fileRef = 8BF3DFBC1DE149BC0074BCF0 /* DragSelectCollectionView.framework */; };
		8BF3DFCB1DE149BC0074BCF0 /* DragSelectCollectionViewTests.swift in Sources */ = {isa = PBXBuildFile; fileRef = 8BF3DFCA1DE149BC0074BCF0 /* DragSelectCollectionViewTests.swift */; };
		8BF3DFCD1DE149BC0074BCF0 /* DragSelectCollectionView.h in Headers */ = {isa = PBXBuildFile; fileRef = 8BF3DFBF1DE149BC0074BCF0 /* DragSelectCollectionView.h */; settings = {ATTRIBUTES = (Public, ); }; };
/* End PBXBuildFile section */

/* Begin PBXContainerItemProxy section */
		8B87F30D1DE14A5A00E54941 /* PBXContainerItemProxy */ = {
			isa = PBXContainerItemProxy;
			containerPortal = 8BF3DFB31DE149BC0074BCF0 /* Project object */;
			proxyType = 1;
			remoteGlobalIDString = 8B87F2F81DE14A5A00E54941;
			remoteInfo = DragSelectCollectionViewTestApp;
		};
		8BF3DFC71DE149BC0074BCF0 /* PBXContainerItemProxy */ = {
			isa = PBXContainerItemProxy;
			containerPortal = 8BF3DFB31DE149BC0074BCF0 /* Project object */;
			proxyType = 1;
			remoteGlobalIDString = 8BF3DFBB1DE149BC0074BCF0;
			remoteInfo = DragSelectCollectionView;
		};
/* End PBXContainerItemProxy section */

/* Begin PBXFileReference section */
		8B18FE492058A10A00793CC4 /* TestAppHeader.swift */ = {isa = PBXFileReference; lastKnownFileType = sourcecode.swift; path = TestAppHeader.swift; sourceTree = "<group>"; };
		8B36B9E61DF4B52800CD274A /* DragSelectionManagerTests.swift */ = {isa = PBXFileReference; fileEncoding = 4; lastKnownFileType = sourcecode.swift; path = DragSelectionManagerTests.swift; sourceTree = "<group>"; };
		8B5B4B05205898F6000E4B84 /* TestAppCell.swift */ = {isa = PBXFileReference; lastKnownFileType = sourcecode.swift; path = TestAppCell.swift; sourceTree = "<group>"; };
		8B87F2F91DE14A5A00E54941 /* DragSelectCollectionViewTestApp.app */ = {isa = PBXFileReference; explicitFileType = wrapper.application; includeInIndex = 0; path = DragSelectCollectionViewTestApp.app; sourceTree = BUILT_PRODUCTS_DIR; };
		8B87F2FB1DE14A5A00E54941 /* AppDelegate.swift */ = {isa = PBXFileReference; lastKnownFileType = sourcecode.swift; path = AppDelegate.swift; sourceTree = "<group>"; };
		8B87F2FD1DE14A5A00E54941 /* TestAppViewController.swift */ = {isa = PBXFileReference; lastKnownFileType = sourcecode.swift; path = TestAppViewController.swift; sourceTree = "<group>"; };
		8B87F3001DE14A5A00E54941 /* Base */ = {isa = PBXFileReference; lastKnownFileType = file.storyboard; name = Base; path = Base.lproj/Main.storyboard; sourceTree = "<group>"; };
		8B87F3021DE14A5A00E54941 /* Assets.xcassets */ = {isa = PBXFileReference; lastKnownFileType = folder.assetcatalog; path = Assets.xcassets; sourceTree = "<group>"; };
		8B87F3051DE14A5A00E54941 /* Base */ = {isa = PBXFileReference; lastKnownFileType = file.storyboard; name = Base; path = Base.lproj/LaunchScreen.storyboard; sourceTree = "<group>"; };
		8B87F3071DE14A5A00E54941 /* Info.plist */ = {isa = PBXFileReference; lastKnownFileType = text.plist.xml; path = Info.plist; sourceTree = "<group>"; };
		8B87F30C1DE14A5A00E54941 /* DragSelectCollectionViewTestAppUITests.xctest */ = {isa = PBXFileReference; explicitFileType = wrapper.cfbundle; includeInIndex = 0; path = DragSelectCollectionViewTestAppUITests.xctest; sourceTree = BUILT_PRODUCTS_DIR; };
		8B87F3101DE14A5A00E54941 /* DragSelectCollectionViewTestAppUITests.swift */ = {isa = PBXFileReference; lastKnownFileType = sourcecode.swift; path = DragSelectCollectionViewTestAppUITests.swift; sourceTree = "<group>"; };
		8B87F3121DE14A5A00E54941 /* Info.plist */ = {isa = PBXFileReference; lastKnownFileType = text.plist.xml; path = Info.plist; sourceTree = "<group>"; };
		8B87F3191DE14BFE00E54941 /* DragSelectCollectionView.swift */ = {isa = PBXFileReference; fileEncoding = 4; lastKnownFileType = sourcecode.swift; path = DragSelectCollectionView.swift; sourceTree = "<group>"; };
		8B87F31A1DE14BFE00E54941 /* DragSelectionManager.swift */ = {isa = PBXFileReference; fileEncoding = 4; lastKnownFileType = sourcecode.swift; path = DragSelectionManager.swift; sourceTree = "<group>"; };
		8BD8C4802057352900C41F32 /* SettingsViewController.swift */ = {isa = PBXFileReference; lastKnownFileType = sourcecode.swift; path = SettingsViewController.swift; sourceTree = "<group>"; };
		8BF3DFBC1DE149BC0074BCF0 /* DragSelectCollectionView.framework */ = {isa = PBXFileReference; explicitFileType = wrapper.framework; includeInIndex = 0; path = DragSelectCollectionView.framework; sourceTree = BUILT_PRODUCTS_DIR; };
		8BF3DFBF1DE149BC0074BCF0 /* DragSelectCollectionView.h */ = {isa = PBXFileReference; lastKnownFileType = sourcecode.c.h; path = DragSelectCollectionView.h; sourceTree = "<group>"; };
		8BF3DFC01DE149BC0074BCF0 /* Info.plist */ = {isa = PBXFileReference; lastKnownFileType = text.plist.xml; path = Info.plist; sourceTree = "<group>"; };
		8BF3DFC51DE149BC0074BCF0 /* DragSelectCollectionViewTests.xctest */ = {isa = PBXFileReference; explicitFileType = wrapper.cfbundle; includeInIndex = 0; path = DragSelectCollectionViewTests.xctest; sourceTree = BUILT_PRODUCTS_DIR; };
		8BF3DFCA1DE149BC0074BCF0 /* DragSelectCollectionViewTests.swift */ = {isa = PBXFileReference; lastKnownFileType = sourcecode.swift; path = DragSelectCollectionViewTests.swift; sourceTree = "<group>"; };
		8BF3DFCC1DE149BC0074BCF0 /* Info.plist */ = {isa = PBXFileReference; lastKnownFileType = text.plist.xml; path = Info.plist; sourceTree = "<group>"; };
/* End PBXFileReference section */

/* Begin PBXFrameworksBuildPhase section */
		8B87F2F61DE14A5A00E54941 /* Frameworks */ = {
			isa = PBXFrameworksBuildPhase;
			buildActionMask = 2147483647;
			files = (
				8BD8C47F2056F7B700C41F32 /* DragSelectCollectionView.framework in Frameworks */,
			);
			runOnlyForDeploymentPostprocessing = 0;
		};
		8B87F3091DE14A5A00E54941 /* Frameworks */ = {
			isa = PBXFrameworksBuildPhase;
			buildActionMask = 2147483647;
			files = (
			);
			runOnlyForDeploymentPostprocessing = 0;
		};
		8BF3DFB81DE149BC0074BCF0 /* Frameworks */ = {
			isa = PBXFrameworksBuildPhase;
			buildActionMask = 2147483647;
			files = (
			);
			runOnlyForDeploymentPostprocessing = 0;
		};
		8BF3DFC21DE149BC0074BCF0 /* Frameworks */ = {
			isa = PBXFrameworksBuildPhase;
			buildActionMask = 2147483647;
			files = (
				8BF3DFC61DE149BC0074BCF0 /* DragSelectCollectionView.framework in Frameworks */,
			);
			runOnlyForDeploymentPostprocessing = 0;
		};
/* End PBXFrameworksBuildPhase section */

/* Begin PBXGroup section */
		8B87F2FA1DE14A5A00E54941 /* DragSelectCollectionViewTestApp */ = {
			isa = PBXGroup;
			children = (
				8B87F2FB1DE14A5A00E54941 /* AppDelegate.swift */,
				8B87F2FD1DE14A5A00E54941 /* TestAppViewController.swift */,
				8B5B4B05205898F6000E4B84 /* TestAppCell.swift */,
				8B18FE492058A10A00793CC4 /* TestAppHeader.swift */,
				8BD8C4802057352900C41F32 /* SettingsViewController.swift */,
				8B87F2FF1DE14A5A00E54941 /* Main.storyboard */,
				8B87F3021DE14A5A00E54941 /* Assets.xcassets */,
				8B87F3041DE14A5A00E54941 /* LaunchScreen.storyboard */,
				8B87F3071DE14A5A00E54941 /* Info.plist */,
			);
			path = DragSelectCollectionViewTestApp;
			sourceTree = SOURCE_ROOT;
		};
		8B87F30F1DE14A5A00E54941 /* DragSelectCollectionViewTestAppUITests */ = {
			isa = PBXGroup;
			children = (
				8B87F3101DE14A5A00E54941 /* DragSelectCollectionViewTestAppUITests.swift */,
				8B87F3121DE14A5A00E54941 /* Info.plist */,
			);
			path = DragSelectCollectionViewTestAppUITests;
			sourceTree = "<group>";
		};
		8BD8C47E2056F7B700C41F32 /* Frameworks */ = {
			isa = PBXGroup;
			children = (
			);
			name = Frameworks;
			sourceTree = "<group>";
		};
		8BF3DFB21DE149BC0074BCF0 = {
			isa = PBXGroup;
			children = (
				8BF3DFBE1DE149BC0074BCF0 /* DragSelectCollectionView */,
				8B87F2FA1DE14A5A00E54941 /* DragSelectCollectionViewTestApp */,
				8BF3DFC91DE149BC0074BCF0 /* DragSelectCollectionViewTests */,
				8B87F30F1DE14A5A00E54941 /* DragSelectCollectionViewTestAppUITests */,
				8BF3DFBD1DE149BC0074BCF0 /* Products */,
				8BD8C47E2056F7B700C41F32 /* Frameworks */,
			);
			sourceTree = "<group>";
		};
		8BF3DFBD1DE149BC0074BCF0 /* Products */ = {
			isa = PBXGroup;
			children = (
				8BF3DFBC1DE149BC0074BCF0 /* DragSelectCollectionView.framework */,
				8BF3DFC51DE149BC0074BCF0 /* DragSelectCollectionViewTests.xctest */,
				8B87F2F91DE14A5A00E54941 /* DragSelectCollectionViewTestApp.app */,
				8B87F30C1DE14A5A00E54941 /* DragSelectCollectionViewTestAppUITests.xctest */,
			);
			name = Products;
			sourceTree = "<group>";
		};
		8BF3DFBE1DE149BC0074BCF0 /* DragSelectCollectionView */ = {
			isa = PBXGroup;
			children = (
				8B87F3191DE14BFE00E54941 /* DragSelectCollectionView.swift */,
				8B87F31A1DE14BFE00E54941 /* DragSelectionManager.swift */,
				8BF3DFBF1DE149BC0074BCF0 /* DragSelectCollectionView.h */,
				8BF3DFC01DE149BC0074BCF0 /* Info.plist */,
			);
			path = DragSelectCollectionView;
			sourceTree = "<group>";
		};
		8BF3DFC91DE149BC0074BCF0 /* DragSelectCollectionViewTests */ = {
			isa = PBXGroup;
			children = (
				8BF3DFCA1DE149BC0074BCF0 /* DragSelectCollectionViewTests.swift */,
				8B36B9E61DF4B52800CD274A /* DragSelectionManagerTests.swift */,
				8BF3DFCC1DE149BC0074BCF0 /* Info.plist */,
			);
			path = DragSelectCollectionViewTests;
			sourceTree = "<group>";
		};
/* End PBXGroup section */

/* Begin PBXHeadersBuildPhase section */
		8BF3DFB91DE149BC0074BCF0 /* Headers */ = {
			isa = PBXHeadersBuildPhase;
			buildActionMask = 2147483647;
			files = (
				8BF3DFCD1DE149BC0074BCF0 /* DragSelectCollectionView.h in Headers */,
			);
			runOnlyForDeploymentPostprocessing = 0;
		};
/* End PBXHeadersBuildPhase section */

/* Begin PBXNativeTarget section */
		8B87F2F81DE14A5A00E54941 /* DragSelectCollectionViewTestApp */ = {
			isa = PBXNativeTarget;
			buildConfigurationList = 8B87F3171DE14A5A00E54941 /* Build configuration list for PBXNativeTarget "DragSelectCollectionViewTestApp" */;
			buildPhases = (
				8B87F2F51DE14A5A00E54941 /* Sources */,
				8B87F2F61DE14A5A00E54941 /* Frameworks */,
				8B87F2F71DE14A5A00E54941 /* Resources */,
			);
			buildRules = (
			);
			dependencies = (
			);
			name = DragSelectCollectionViewTestApp;
			productName = DragSelectCollectionViewTestApp;
			productReference = 8B87F2F91DE14A5A00E54941 /* DragSelectCollectionViewTestApp.app */;
			productType = "com.apple.product-type.application";
		};
		8B87F30B1DE14A5A00E54941 /* DragSelectCollectionViewTestAppUITests */ = {
			isa = PBXNativeTarget;
			buildConfigurationList = 8B87F3181DE14A5A00E54941 /* Build configuration list for PBXNativeTarget "DragSelectCollectionViewTestAppUITests" */;
			buildPhases = (
				8B87F3081DE14A5A00E54941 /* Sources */,
				8B87F3091DE14A5A00E54941 /* Frameworks */,
				8B87F30A1DE14A5A00E54941 /* Resources */,
			);
			buildRules = (
			);
			dependencies = (
				8B87F30E1DE14A5A00E54941 /* PBXTargetDependency */,
			);
			name = DragSelectCollectionViewTestAppUITests;
			productName = DragSelectCollectionViewTestAppUITests;
			productReference = 8B87F30C1DE14A5A00E54941 /* DragSelectCollectionViewTestAppUITests.xctest */;
			productType = "com.apple.product-type.bundle.ui-testing";
		};
		8BF3DFBB1DE149BC0074BCF0 /* DragSelectCollectionView */ = {
			isa = PBXNativeTarget;
			buildConfigurationList = 8BF3DFD01DE149BC0074BCF0 /* Build configuration list for PBXNativeTarget "DragSelectCollectionView" */;
			buildPhases = (
				8BF3DFB71DE149BC0074BCF0 /* Sources */,
				8BF3DFB81DE149BC0074BCF0 /* Frameworks */,
				8BF3DFB91DE149BC0074BCF0 /* Headers */,
				8BF3DFBA1DE149BC0074BCF0 /* Resources */,
			);
			buildRules = (
			);
			dependencies = (
			);
			name = DragSelectCollectionView;
			productName = DragSelectCollectionView;
			productReference = 8BF3DFBC1DE149BC0074BCF0 /* DragSelectCollectionView.framework */;
			productType = "com.apple.product-type.framework";
		};
		8BF3DFC41DE149BC0074BCF0 /* DragSelectCollectionViewTests */ = {
			isa = PBXNativeTarget;
			buildConfigurationList = 8BF3DFD31DE149BC0074BCF0 /* Build configuration list for PBXNativeTarget "DragSelectCollectionViewTests" */;
			buildPhases = (
				8BF3DFC11DE149BC0074BCF0 /* Sources */,
				8BF3DFC21DE149BC0074BCF0 /* Frameworks */,
				8BF3DFC31DE149BC0074BCF0 /* Resources */,
			);
			buildRules = (
			);
			dependencies = (
				8BF3DFC81DE149BC0074BCF0 /* PBXTargetDependency */,
			);
			name = DragSelectCollectionViewTests;
			productName = DragSelectCollectionViewTests;
			productReference = 8BF3DFC51DE149BC0074BCF0 /* DragSelectCollectionViewTests.xctest */;
			productType = "com.apple.product-type.bundle.unit-test";
		};
/* End PBXNativeTarget section */

/* Begin PBXProject section */
		8BF3DFB31DE149BC0074BCF0 /* Project object */ = {
			isa = PBXProject;
			attributes = {
				LastSwiftUpdateCheck = 0810;
				LastUpgradeCheck = 0920;
				ORGANIZATIONNAME = HaskelAsh;
				TargetAttributes = {
					8B87F2F81DE14A5A00E54941 = {
						CreatedOnToolsVersion = 8.1;
						DevelopmentTeam = JG9Y668V6R;
						LastSwiftMigration = 0920;
						ProvisioningStyle = Automatic;
					};
					8B87F30B1DE14A5A00E54941 = {
						CreatedOnToolsVersion = 8.1;
						DevelopmentTeam = JG9Y668V6R;
						LastSwiftMigration = 0920;
						ProvisioningStyle = Automatic;
						TestTargetID = 8B87F2F81DE14A5A00E54941;
					};
					8BF3DFBB1DE149BC0074BCF0 = {
						CreatedOnToolsVersion = 8.1;
						DevelopmentTeam = JG9Y668V6R;
						LastSwiftMigration = 0920;
						ProvisioningStyle = Automatic;
					};
					8BF3DFC41DE149BC0074BCF0 = {
						CreatedOnToolsVersion = 8.1;
						DevelopmentTeam = JG9Y668V6R;
						LastSwiftMigration = 0920;
						ProvisioningStyle = Automatic;
					};
				};
			};
			buildConfigurationList = 8BF3DFB61DE149BC0074BCF0 /* Build configuration list for PBXProject "DragSelectCollectionView" */;
			compatibilityVersion = "Xcode 3.2";
			developmentRegion = English;
			hasScannedForEncodings = 0;
			knownRegions = (
				en,
				Base,
			);
			mainGroup = 8BF3DFB21DE149BC0074BCF0;
			productRefGroup = 8BF3DFBD1DE149BC0074BCF0 /* Products */;
			projectDirPath = "";
			projectRoot = "";
			targets = (
				8BF3DFBB1DE149BC0074BCF0 /* DragSelectCollectionView */,
				8BF3DFC41DE149BC0074BCF0 /* DragSelectCollectionViewTests */,
				8B87F2F81DE14A5A00E54941 /* DragSelectCollectionViewTestApp */,
				8B87F30B1DE14A5A00E54941 /* DragSelectCollectionViewTestAppUITests */,
			);
		};
/* End PBXProject section */

/* Begin PBXResourcesBuildPhase section */
		8B87F2F71DE14A5A00E54941 /* Resources */ = {
			isa = PBXResourcesBuildPhase;
			buildActionMask = 2147483647;
			files = (
				8B87F3061DE14A5A00E54941 /* LaunchScreen.storyboard in Resources */,
				8B87F3031DE14A5A00E54941 /* Assets.xcassets in Resources */,
				8B87F3011DE14A5A00E54941 /* Main.storyboard in Resources */,
			);
			runOnlyForDeploymentPostprocessing = 0;
		};
		8B87F30A1DE14A5A00E54941 /* Resources */ = {
			isa = PBXResourcesBuildPhase;
			buildActionMask = 2147483647;
			files = (
			);
			runOnlyForDeploymentPostprocessing = 0;
		};
		8BF3DFBA1DE149BC0074BCF0 /* Resources */ = {
			isa = PBXResourcesBuildPhase;
			buildActionMask = 2147483647;
			files = (
			);
			runOnlyForDeploymentPostprocessing = 0;
		};
		8BF3DFC31DE149BC0074BCF0 /* Resources */ = {
			isa = PBXResourcesBuildPhase;
			buildActionMask = 2147483647;
			files = (
			);
			runOnlyForDeploymentPostprocessing = 0;
		};
/* End PBXResourcesBuildPhase section */

/* Begin PBXSourcesBuildPhase section */
		8B87F2F51DE14A5A00E54941 /* Sources */ = {
			isa = PBXSourcesBuildPhase;
			buildActionMask = 2147483647;
			files = (
				8B87F2FE1DE14A5A00E54941 /* TestAppViewController.swift in Sources */,
				8B18FE4A2058A10A00793CC4 /* TestAppHeader.swift in Sources */,
				8B5B4B06205898F6000E4B84 /* TestAppCell.swift in Sources */,
				8B87F2FC1DE14A5A00E54941 /* AppDelegate.swift in Sources */,
				8BD8C4812057352900C41F32 /* SettingsViewController.swift in Sources */,
			);
			runOnlyForDeploymentPostprocessing = 0;
		};
		8B87F3081DE14A5A00E54941 /* Sources */ = {
			isa = PBXSourcesBuildPhase;
			buildActionMask = 2147483647;
			files = (
				8B87F3111DE14A5A00E54941 /* DragSelectCollectionViewTestAppUITests.swift in Sources */,
			);
			runOnlyForDeploymentPostprocessing = 0;
		};
		8BF3DFB71DE149BC0074BCF0 /* Sources */ = {
			isa = PBXSourcesBuildPhase;
			buildActionMask = 2147483647;
			files = (
				8B87F31C1DE14BFE00E54941 /* DragSelectionManager.swift in Sources */,
				8B87F31B1DE14BFE00E54941 /* DragSelectCollectionView.swift in Sources */,
			);
			runOnlyForDeploymentPostprocessing = 0;
		};
		8BF3DFC11DE149BC0074BCF0 /* Sources */ = {
			isa = PBXSourcesBuildPhase;
			buildActionMask = 2147483647;
			files = (
				8B36B9E71DF4B52800CD274A /* DragSelectionManagerTests.swift in Sources */,
				8BF3DFCB1DE149BC0074BCF0 /* DragSelectCollectionViewTests.swift in Sources */,
			);
			runOnlyForDeploymentPostprocessing = 0;
		};
/* End PBXSourcesBuildPhase section */

/* Begin PBXTargetDependency section */
		8B87F30E1DE14A5A00E54941 /* PBXTargetDependency */ = {
			isa = PBXTargetDependency;
			target = 8B87F2F81DE14A5A00E54941 /* DragSelectCollectionViewTestApp */;
			targetProxy = 8B87F30D1DE14A5A00E54941 /* PBXContainerItemProxy */;
		};
		8BF3DFC81DE149BC0074BCF0 /* PBXTargetDependency */ = {
			isa = PBXTargetDependency;
			target = 8BF3DFBB1DE149BC0074BCF0 /* DragSelectCollectionView */;
			targetProxy = 8BF3DFC71DE149BC0074BCF0 /* PBXContainerItemProxy */;
		};
/* End PBXTargetDependency section */

/* Begin PBXVariantGroup section */
		8B87F2FF1DE14A5A00E54941 /* Main.storyboard */ = {
			isa = PBXVariantGroup;
			children = (
				8B87F3001DE14A5A00E54941 /* Base */,
			);
			name = Main.storyboard;
			sourceTree = "<group>";
		};
		8B87F3041DE14A5A00E54941 /* LaunchScreen.storyboard */ = {
			isa = PBXVariantGroup;
			children = (
				8B87F3051DE14A5A00E54941 /* Base */,
			);
			name = LaunchScreen.storyboard;
			sourceTree = "<group>";
		};
/* End PBXVariantGroup section */

/* Begin XCBuildConfiguration section */
		8B87F3131DE14A5A00E54941 /* Debug */ = {
			isa = XCBuildConfiguration;
			buildSettings = {
				ASSETCATALOG_COMPILER_APPICON_NAME = AppIcon;
				DEVELOPMENT_TEAM = JG9Y668V6R;
				INFOPLIST_FILE = DragSelectCollectionViewTestApp/Info.plist;
				LD_RUNPATH_SEARCH_PATHS = "$(inherited) @executable_path/Frameworks";
				PRODUCT_BUNDLE_IDENTIFIER = com.HaskelAsh.DragSelectCollectionViewTestApp;
				PRODUCT_NAME = "$(TARGET_NAME)";
				SWIFT_SWIFT3_OBJC_INFERENCE = Default;
				SWIFT_VERSION = 4.0;
			};
			name = Debug;
		};
		8B87F3141DE14A5A00E54941 /* Release */ = {
			isa = XCBuildConfiguration;
			buildSettings = {
				ASSETCATALOG_COMPILER_APPICON_NAME = AppIcon;
				DEVELOPMENT_TEAM = JG9Y668V6R;
				INFOPLIST_FILE = DragSelectCollectionViewTestApp/Info.plist;
				LD_RUNPATH_SEARCH_PATHS = "$(inherited) @executable_path/Frameworks";
				PRODUCT_BUNDLE_IDENTIFIER = com.HaskelAsh.DragSelectCollectionViewTestApp;
				PRODUCT_NAME = "$(TARGET_NAME)";
				SWIFT_SWIFT3_OBJC_INFERENCE = Default;
				SWIFT_VERSION = 4.0;
			};
			name = Release;
		};
		8B87F3151DE14A5A00E54941 /* Debug */ = {
			isa = XCBuildConfiguration;
			buildSettings = {
				ALWAYS_EMBED_SWIFT_STANDARD_LIBRARIES = YES;
				DEVELOPMENT_TEAM = JG9Y668V6R;
				INFOPLIST_FILE = DragSelectCollectionViewTestAppUITests/Info.plist;
				LD_RUNPATH_SEARCH_PATHS = "$(inherited) @executable_path/Frameworks @loader_path/Frameworks";
				PRODUCT_BUNDLE_IDENTIFIER = com.HaskelAsh.DragSelectCollectionViewTestAppUITests;
				PRODUCT_NAME = "$(TARGET_NAME)";
				SWIFT_SWIFT3_OBJC_INFERENCE = Default;
				SWIFT_VERSION = 4.0;
				TEST_TARGET_NAME = DragSelectCollectionViewTestApp;
			};
			name = Debug;
		};
		8B87F3161DE14A5A00E54941 /* Release */ = {
			isa = XCBuildConfiguration;
			buildSettings = {
				ALWAYS_EMBED_SWIFT_STANDARD_LIBRARIES = YES;
				DEVELOPMENT_TEAM = JG9Y668V6R;
				INFOPLIST_FILE = DragSelectCollectionViewTestAppUITests/Info.plist;
				LD_RUNPATH_SEARCH_PATHS = "$(inherited) @executable_path/Frameworks @loader_path/Frameworks";
				PRODUCT_BUNDLE_IDENTIFIER = com.HaskelAsh.DragSelectCollectionViewTestAppUITests;
				PRODUCT_NAME = "$(TARGET_NAME)";
				SWIFT_SWIFT3_OBJC_INFERENCE = Default;
				SWIFT_VERSION = 4.0;
				TEST_TARGET_NAME = DragSelectCollectionViewTestApp;
			};
			name = Release;
		};
		8BF3DFCE1DE149BC0074BCF0 /* Debug */ = {
			isa = XCBuildConfiguration;
			buildSettings = {
				ALWAYS_SEARCH_USER_PATHS = NO;
				CLANG_ANALYZER_NONNULL = YES;
				CLANG_CXX_LANGUAGE_STANDARD = "gnu++0x";
				CLANG_CXX_LIBRARY = "libc++";
				CLANG_ENABLE_MODULES = YES;
				CLANG_ENABLE_OBJC_ARC = YES;
				CLANG_WARN_BLOCK_CAPTURE_AUTORELEASING = YES;
				CLANG_WARN_BOOL_CONVERSION = YES;
				CLANG_WARN_COMMA = YES;
				CLANG_WARN_CONSTANT_CONVERSION = YES;
				CLANG_WARN_DIRECT_OBJC_ISA_USAGE = YES_ERROR;
				CLANG_WARN_DOCUMENTATION_COMMENTS = YES;
				CLANG_WARN_EMPTY_BODY = YES;
				CLANG_WARN_ENUM_CONVERSION = YES;
				CLANG_WARN_INFINITE_RECURSION = YES;
				CLANG_WARN_INT_CONVERSION = YES;
				CLANG_WARN_NON_LITERAL_NULL_CONVERSION = YES;
				CLANG_WARN_OBJC_LITERAL_CONVERSION = YES;
				CLANG_WARN_OBJC_ROOT_CLASS = YES_ERROR;
				CLANG_WARN_RANGE_LOOP_ANALYSIS = YES;
				CLANG_WARN_STRICT_PROTOTYPES = YES;
				CLANG_WARN_SUSPICIOUS_MOVE = YES;
				CLANG_WARN_SUSPICIOUS_MOVES = YES;
				CLANG_WARN_UNREACHABLE_CODE = YES;
				CLANG_WARN__DUPLICATE_METHOD_MATCH = YES;
				"CODE_SIGN_IDENTITY[sdk=iphoneos*]" = "iPhone Developer";
				COPY_PHASE_STRIP = NO;
				CURRENT_PROJECT_VERSION = 1;
				DEBUG_INFORMATION_FORMAT = dwarf;
				ENABLE_STRICT_OBJC_MSGSEND = YES;
				ENABLE_TESTABILITY = YES;
				GCC_C_LANGUAGE_STANDARD = gnu99;
				GCC_DYNAMIC_NO_PIC = NO;
				GCC_NO_COMMON_BLOCKS = YES;
				GCC_OPTIMIZATION_LEVEL = 0;
				GCC_PREPROCESSOR_DEFINITIONS = (
					"DEBUG=1",
					"$(inherited)",
				);
				GCC_WARN_64_TO_32_BIT_CONVERSION = YES;
				GCC_WARN_ABOUT_RETURN_TYPE = YES_ERROR;
				GCC_WARN_UNDECLARED_SELECTOR = YES;
				GCC_WARN_UNINITIALIZED_AUTOS = YES_AGGRESSIVE;
				GCC_WARN_UNUSED_FUNCTION = YES;
				GCC_WARN_UNUSED_VARIABLE = YES;
				IPHONEOS_DEPLOYMENT_TARGET = 10.1;
				MTL_ENABLE_DEBUG_INFO = YES;
				ONLY_ACTIVE_ARCH = YES;
				SDKROOT = iphoneos;
				SWIFT_ACTIVE_COMPILATION_CONDITIONS = DEBUG;
				SWIFT_OPTIMIZATION_LEVEL = "-Onone";
				TARGETED_DEVICE_FAMILY = "1,2";
				VERSIONING_SYSTEM = "apple-generic";
				VERSION_INFO_PREFIX = "";
			};
			name = Debug;
		};
		8BF3DFCF1DE149BC0074BCF0 /* Release */ = {
			isa = XCBuildConfiguration;
			buildSettings = {
				ALWAYS_SEARCH_USER_PATHS = NO;
				CLANG_ANALYZER_NONNULL = YES;
				CLANG_CXX_LANGUAGE_STANDARD = "gnu++0x";
				CLANG_CXX_LIBRARY = "libc++";
				CLANG_ENABLE_MODULES = YES;
				CLANG_ENABLE_OBJC_ARC = YES;
				CLANG_WARN_BLOCK_CAPTURE_AUTORELEASING = YES;
				CLANG_WARN_BOOL_CONVERSION = YES;
				CLANG_WARN_COMMA = YES;
				CLANG_WARN_CONSTANT_CONVERSION = YES;
				CLANG_WARN_DIRECT_OBJC_ISA_USAGE = YES_ERROR;
				CLANG_WARN_DOCUMENTATION_COMMENTS = YES;
				CLANG_WARN_EMPTY_BODY = YES;
				CLANG_WARN_ENUM_CONVERSION = YES;
				CLANG_WARN_INFINITE_RECURSION = YES;
				CLANG_WARN_INT_CONVERSION = YES;
				CLANG_WARN_NON_LITERAL_NULL_CONVERSION = YES;
				CLANG_WARN_OBJC_LITERAL_CONVERSION = YES;
				CLANG_WARN_OBJC_ROOT_CLASS = YES_ERROR;
				CLANG_WARN_RANGE_LOOP_ANALYSIS = YES;
				CLANG_WARN_STRICT_PROTOTYPES = YES;
				CLANG_WARN_SUSPICIOUS_MOVE = YES;
				CLANG_WARN_SUSPICIOUS_MOVES = YES;
				CLANG_WARN_UNREACHABLE_CODE = YES;
				CLANG_WARN__DUPLICATE_METHOD_MATCH = YES;
				"CODE_SIGN_IDENTITY[sdk=iphoneos*]" = "iPhone Developer";
				COPY_PHASE_STRIP = NO;
				CURRENT_PROJECT_VERSION = 1;
				DEBUG_INFORMATION_FORMAT = "dwarf-with-dsym";
				ENABLE_NS_ASSERTIONS = NO;
				ENABLE_STRICT_OBJC_MSGSEND = YES;
				GCC_C_LANGUAGE_STANDARD = gnu99;
				GCC_NO_COMMON_BLOCKS = YES;
				GCC_WARN_64_TO_32_BIT_CONVERSION = YES;
				GCC_WARN_ABOUT_RETURN_TYPE = YES_ERROR;
				GCC_WARN_UNDECLARED_SELECTOR = YES;
				GCC_WARN_UNINITIALIZED_AUTOS = YES_AGGRESSIVE;
				GCC_WARN_UNUSED_FUNCTION = YES;
				GCC_WARN_UNUSED_VARIABLE = YES;
				IPHONEOS_DEPLOYMENT_TARGET = 10.1;
				MTL_ENABLE_DEBUG_INFO = NO;
				SDKROOT = iphoneos;
				SWIFT_OPTIMIZATION_LEVEL = "-Owholemodule";
				TARGETED_DEVICE_FAMILY = "1,2";
				VALIDATE_PRODUCT = YES;
				VERSIONING_SYSTEM = "apple-generic";
				VERSION_INFO_PREFIX = "";
			};
			name = Release;
		};
		8BF3DFD11DE149BC0074BCF0 /* Debug */ = {
			isa = XCBuildConfiguration;
			buildSettings = {
				CLANG_ENABLE_MODULES = YES;
				CODE_SIGN_IDENTITY = "";
				DEFINES_MODULE = YES;
				DEVELOPMENT_TEAM = JG9Y668V6R;
				DYLIB_COMPATIBILITY_VERSION = 1;
				DYLIB_CURRENT_VERSION = 1;
				DYLIB_INSTALL_NAME_BASE = "@rpath";
				INFOPLIST_FILE = DragSelectCollectionView/Info.plist;
				INSTALL_PATH = "$(LOCAL_LIBRARY_DIR)/Frameworks";
				LD_RUNPATH_SEARCH_PATHS = "$(inherited) @executable_path/Frameworks @loader_path/Frameworks";
				PRODUCT_BUNDLE_IDENTIFIER = com.HaskelAsh.DragSelectCollectionView;
				PRODUCT_NAME = "$(TARGET_NAME)";
				SKIP_INSTALL = YES;
				SWIFT_OPTIMIZATION_LEVEL = "-Onone";
				SWIFT_SWIFT3_OBJC_INFERENCE = Default;
				SWIFT_VERSION = 4.0;
			};
			name = Debug;
		};
		8BF3DFD21DE149BC0074BCF0 /* Release */ = {
			isa = XCBuildConfiguration;
			buildSettings = {
				CLANG_ENABLE_MODULES = YES;
				CODE_SIGN_IDENTITY = "";
				DEFINES_MODULE = YES;
				DEVELOPMENT_TEAM = JG9Y668V6R;
				DYLIB_COMPATIBILITY_VERSION = 1;
				DYLIB_CURRENT_VERSION = 1;
				DYLIB_INSTALL_NAME_BASE = "@rpath";
				INFOPLIST_FILE = DragSelectCollectionView/Info.plist;
				INSTALL_PATH = "$(LOCAL_LIBRARY_DIR)/Frameworks";
				LD_RUNPATH_SEARCH_PATHS = "$(inherited) @executable_path/Frameworks @loader_path/Frameworks";
				PRODUCT_BUNDLE_IDENTIFIER = com.HaskelAsh.DragSelectCollectionView;
				PRODUCT_NAME = "$(TARGET_NAME)";
				SKIP_INSTALL = YES;
				SWIFT_SWIFT3_OBJC_INFERENCE = Default;
				SWIFT_VERSION = 4.0;
			};
			name = Release;
		};
		8BF3DFD41DE149BC0074BCF0 /* Debug */ = {
			isa = XCBuildConfiguration;
			buildSettings = {
				ALWAYS_EMBED_SWIFT_STANDARD_LIBRARIES = YES;
				DEVELOPMENT_TEAM = JG9Y668V6R;
				INFOPLIST_FILE = DragSelectCollectionViewTests/Info.plist;
				LD_RUNPATH_SEARCH_PATHS = "$(inherited) @executable_path/Frameworks @loader_path/Frameworks";
				PRODUCT_BUNDLE_IDENTIFIER = com.HaskelAsh.DragSelectCollectionViewTests;
				PRODUCT_NAME = "$(TARGET_NAME)";
				SWIFT_SWIFT3_OBJC_INFERENCE = Default;
				SWIFT_VERSION = 4.0;
			};
			name = Debug;
		};
		8BF3DFD51DE149BC0074BCF0 /* Release */ = {
			isa = XCBuildConfiguration;
			buildSettings = {
				ALWAYS_EMBED_SWIFT_STANDARD_LIBRARIES = YES;
				DEVELOPMENT_TEAM = JG9Y668V6R;
				INFOPLIST_FILE = DragSelectCollectionViewTests/Info.plist;
				LD_RUNPATH_SEARCH_PATHS = "$(inherited) @executable_path/Frameworks @loader_path/Frameworks";
				PRODUCT_BUNDLE_IDENTIFIER = com.HaskelAsh.DragSelectCollectionViewTests;
				PRODUCT_NAME = "$(TARGET_NAME)";
				SWIFT_SWIFT3_OBJC_INFERENCE = Default;
				SWIFT_VERSION = 4.0;
			};
			name = Release;
		};
/* End XCBuildConfiguration section */

/* Begin XCConfigurationList section */
		8B87F3171DE14A5A00E54941 /* Build configuration list for PBXNativeTarget "DragSelectCollectionViewTestApp" */ = {
			isa = XCConfigurationList;
			buildConfigurations = (
				8B87F3131DE14A5A00E54941 /* Debug */,
				8B87F3141DE14A5A00E54941 /* Release */,
			);
			defaultConfigurationIsVisible = 0;
			defaultConfigurationName = Release;
		};
		8B87F3181DE14A5A00E54941 /* Build configuration list for PBXNativeTarget "DragSelectCollectionViewTestAppUITests" */ = {
			isa = XCConfigurationList;
			buildConfigurations = (
				8B87F3151DE14A5A00E54941 /* Debug */,
				8B87F3161DE14A5A00E54941 /* Release */,
			);
			defaultConfigurationIsVisible = 0;
			defaultConfigurationName = Release;
		};
		8BF3DFB61DE149BC0074BCF0 /* Build configuration list for PBXProject "DragSelectCollectionView" */ = {
			isa = XCConfigurationList;
			buildConfigurations = (
				8BF3DFCE1DE149BC0074BCF0 /* Debug */,
				8BF3DFCF1DE149BC0074BCF0 /* Release */,
			);
			defaultConfigurationIsVisible = 0;
			defaultConfigurationName = Release;
		};
		8BF3DFD01DE149BC0074BCF0 /* Build configuration list for PBXNativeTarget "DragSelectCollectionView" */ = {
			isa = XCConfigurationList;
			buildConfigurations = (
				8BF3DFD11DE149BC0074BCF0 /* Debug */,
				8BF3DFD21DE149BC0074BCF0 /* Release */,
			);
			defaultConfigurationIsVisible = 0;
			defaultConfigurationName = Release;
		};
		8BF3DFD31DE149BC0074BCF0 /* Build configuration list for PBXNativeTarget "DragSelectCollectionViewTests" */ = {
			isa = XCConfigurationList;
			buildConfigurations = (
				8BF3DFD41DE149BC0074BCF0 /* Debug */,
				8BF3DFD51DE149BC0074BCF0 /* Release */,
			);
			defaultConfigurationIsVisible = 0;
			defaultConfigurationName = Release;
		};
/* End XCConfigurationList section */
	};
	rootObject = 8BF3DFB31DE149BC0074BCF0 /* Project object */;
}
